// !$*UTF8*$!
{
	archiveVersion = 1;
	classes = {
	};
	objectVersion = 56;
	objects = {

/* Begin PBXBuildFile section */
		5A345C412AC894A20079105C /* AppDelegate.swift in Sources */ = {isa = PBXBuildFile; fileRef = 5A345C402AC894A20079105C /* AppDelegate.swift */; };
		5A345C432AC894A20079105C /* SceneDelegate.swift in Sources */ = {isa = PBXBuildFile; fileRef = 5A345C422AC894A20079105C /* SceneDelegate.swift */; };
		5A345C452AC894A20079105C /* ViewController.swift in Sources */ = {isa = PBXBuildFile; fileRef = 5A345C442AC894A20079105C /* ViewController.swift */; };
		5A345C482AC894A20079105C /* Main.storyboard in Resources */ = {isa = PBXBuildFile; fileRef = 5A345C462AC894A20079105C /* Main.storyboard */; };
		5A345C4A2AC894A30079105C /* Assets.xcassets in Resources */ = {isa = PBXBuildFile; fileRef = 5A345C492AC894A30079105C /* Assets.xcassets */; };
		5A345C4D2AC894A30079105C /* LaunchScreen.storyboard in Resources */ = {isa = PBXBuildFile; fileRef = 5A345C4B2AC894A30079105C /* LaunchScreen.storyboard */; };
		5A345C562AC89C500079105C /* Alamofire in Frameworks */ = {isa = PBXBuildFile; productRef = 5A345C552AC89C500079105C /* Alamofire */; };
		5A345C5A2AC8A2770079105C /* Translations.swift in Sources */ = {isa = PBXBuildFile; fileRef = 5A345C592AC8A2770079105C /* Translations.swift */; };
		5A345C5D2AC8C2C20079105C /* NetworkManager.swift in Sources */ = {isa = PBXBuildFile; fileRef = 5A345C5C2AC8C2C20079105C /* NetworkManager.swift */; };
		5A345C5F2AC9D7EA0079105C /* TranslationRequest.swift in Sources */ = {isa = PBXBuildFile; fileRef = 5A345C5E2AC9D7EA0079105C /* TranslationRequest.swift */; };
/* End PBXBuildFile section */

/* Begin PBXFileReference section */
		5A345C3D2AC894A20079105C /* Memo cards.app */ = {isa = PBXFileReference; explicitFileType = wrapper.application; includeInIndex = 0; path = "Memo cards.app"; sourceTree = BUILT_PRODUCTS_DIR; };
		5A345C402AC894A20079105C /* AppDelegate.swift */ = {isa = PBXFileReference; lastKnownFileType = sourcecode.swift; path = AppDelegate.swift; sourceTree = "<group>"; };
		5A345C422AC894A20079105C /* SceneDelegate.swift */ = {isa = PBXFileReference; lastKnownFileType = sourcecode.swift; path = SceneDelegate.swift; sourceTree = "<group>"; };
		5A345C442AC894A20079105C /* ViewController.swift */ = {isa = PBXFileReference; lastKnownFileType = sourcecode.swift; path = ViewController.swift; sourceTree = "<group>"; };
		5A345C472AC894A20079105C /* Base */ = {isa = PBXFileReference; lastKnownFileType = file.storyboard; name = Base; path = Base.lproj/Main.storyboard; sourceTree = "<group>"; };
		5A345C492AC894A30079105C /* Assets.xcassets */ = {isa = PBXFileReference; lastKnownFileType = folder.assetcatalog; path = Assets.xcassets; sourceTree = "<group>"; };
		5A345C4C2AC894A30079105C /* Base */ = {isa = PBXFileReference; lastKnownFileType = file.storyboard; name = Base; path = Base.lproj/LaunchScreen.storyboard; sourceTree = "<group>"; };
		5A345C4E2AC894A30079105C /* Info.plist */ = {isa = PBXFileReference; lastKnownFileType = text.plist.xml; path = Info.plist; sourceTree = "<group>"; };
		5A345C592AC8A2770079105C /* Translations.swift */ = {isa = PBXFileReference; lastKnownFileType = sourcecode.swift; path = Translations.swift; sourceTree = "<group>"; };
		5A345C5C2AC8C2C20079105C /* NetworkManager.swift */ = {isa = PBXFileReference; lastKnownFileType = sourcecode.swift; path = NetworkManager.swift; sourceTree = "<group>"; };
		5A345C5E2AC9D7EA0079105C /* TranslationRequest.swift */ = {isa = PBXFileReference; lastKnownFileType = sourcecode.swift; path = TranslationRequest.swift; sourceTree = "<group>"; };
/* End PBXFileReference section */

/* Begin PBXFrameworksBuildPhase section */
		5A345C3A2AC894A20079105C /* Frameworks */ = {
			isa = PBXFrameworksBuildPhase;
			buildActionMask = 2147483647;
			files = (
				5A345C562AC89C500079105C /* Alamofire in Frameworks */,
			);
			runOnlyForDeploymentPostprocessing = 0;
		};
/* End PBXFrameworksBuildPhase section */

/* Begin PBXGroup section */
		5A345C342AC894A20079105C = {
			isa = PBXGroup;
			children = (
				5A345C3F2AC894A20079105C /* Memo cards */,
				5A345C3E2AC894A20079105C /* Products */,
			);
			sourceTree = "<group>";
		};
		5A345C3E2AC894A20079105C /* Products */ = {
			isa = PBXGroup;
			children = (
				5A345C3D2AC894A20079105C /* Memo cards.app */,
			);
			name = Products;
			sourceTree = "<group>";
		};
		5A345C3F2AC894A20079105C /* Memo cards */ = {
			isa = PBXGroup;
			children = (
				5A345C402AC894A20079105C /* AppDelegate.swift */,
				5A345C422AC894A20079105C /* SceneDelegate.swift */,
				5A345C442AC894A20079105C /* ViewController.swift */,
				5A345C5C2AC8C2C20079105C /* NetworkManager.swift */,
				5A345C5B2AC8A2800079105C /* Models */,
				5A345C462AC894A20079105C /* Main.storyboard */,
				5A345C492AC894A30079105C /* Assets.xcassets */,
				5A345C4B2AC894A30079105C /* LaunchScreen.storyboard */,
				5A345C4E2AC894A30079105C /* Info.plist */,
			);
			path = "Memo cards";
			sourceTree = "<group>";
		};
		5A345C5B2AC8A2800079105C /* Models */ = {
			isa = PBXGroup;
			children = (
				5A345C592AC8A2770079105C /* Translations.swift */,
				5A345C5E2AC9D7EA0079105C /* TranslationRequest.swift */,
			);
			name = Models;
			sourceTree = "<group>";
		};
/* End PBXGroup section */

/* Begin PBXNativeTarget section */
		5A345C3C2AC894A20079105C /* Memo cards */ = {
			isa = PBXNativeTarget;
			buildConfigurationList = 5A345C512AC894A30079105C /* Build configuration list for PBXNativeTarget "Memo cards" */;
			buildPhases = (
				5A345C392AC894A20079105C /* Sources */,
				5A345C3A2AC894A20079105C /* Frameworks */,
				5A345C3B2AC894A20079105C /* Resources */,
			);
			buildRules = (
			);
			dependencies = (
			);
			name = "Memo cards";
			packageProductDependencies = (
				5A345C552AC89C500079105C /* Alamofire */,
			);
			productName = "Memo cards";
			productReference = 5A345C3D2AC894A20079105C /* Memo cards.app */;
			productType = "com.apple.product-type.application";
		};
/* End PBXNativeTarget section */

/* Begin PBXProject section */
		5A345C352AC894A20079105C /* Project object */ = {
			isa = PBXProject;
			attributes = {
				BuildIndependentTargetsInParallel = 1;
				LastSwiftUpdateCheck = 1430;
				LastUpgradeCheck = 1430;
				TargetAttributes = {
					5A345C3C2AC894A20079105C = {
						CreatedOnToolsVersion = 14.3;
					};
				};
			};
			buildConfigurationList = 5A345C382AC894A20079105C /* Build configuration list for PBXProject "Memo cards" */;
			compatibilityVersion = "Xcode 14.0";
			developmentRegion = en;
			hasScannedForEncodings = 0;
			knownRegions = (
				en,
				Base,
			);
			mainGroup = 5A345C342AC894A20079105C;
			packageReferences = (
				5A345C542AC89C500079105C /* XCRemoteSwiftPackageReference "Alamofire" */,
			);
			productRefGroup = 5A345C3E2AC894A20079105C /* Products */;
			projectDirPath = "";
			projectRoot = "";
			targets = (
				5A345C3C2AC894A20079105C /* Memo cards */,
			);
		};
/* End PBXProject section */

/* Begin PBXResourcesBuildPhase section */
		5A345C3B2AC894A20079105C /* Resources */ = {
			isa = PBXResourcesBuildPhase;
			buildActionMask = 2147483647;
			files = (
				5A345C4D2AC894A30079105C /* LaunchScreen.storyboard in Resources */,
				5A345C4A2AC894A30079105C /* Assets.xcassets in Resources */,
				5A345C482AC894A20079105C /* Main.storyboard in Resources */,
			);
			runOnlyForDeploymentPostprocessing = 0;
		};
/* End PBXResourcesBuildPhase section */

/* Begin PBXSourcesBuildPhase section */
		5A345C392AC894A20079105C /* Sources */ = {
			isa = PBXSourcesBuildPhase;
			buildActionMask = 2147483647;
			files = (
				5A345C5A2AC8A2770079105C /* Translations.swift in Sources */,
				5A345C5F2AC9D7EA0079105C /* TranslationRequest.swift in Sources */,
				5A345C452AC894A20079105C /* ViewController.swift in Sources */,
				5A345C5D2AC8C2C20079105C /* NetworkManager.swift in Sources */,
				5A345C412AC894A20079105C /* AppDelegate.swift in Sources */,
				5A345C432AC894A20079105C /* SceneDelegate.swift in Sources */,
			);
			runOnlyForDeploymentPostprocessing = 0;
		};
/* End PBXSourcesBuildPhase section */

/* Begin PBXVariantGroup section */
		5A345C462AC894A20079105C /* Main.storyboard */ = {
			isa = PBXVariantGroup;
			children = (
				5A345C472AC894A20079105C /* Base */,
			);
			name = Main.storyboard;
			sourceTree = "<group>";
		};
		5A345C4B2AC894A30079105C /* LaunchScreen.storyboard */ = {
			isa = PBXVariantGroup;
			children = (
				5A345C4C2AC894A30079105C /* Base */,
			);
			name = LaunchScreen.storyboard;
			sourceTree = "<group>";
		};
/* End PBXVariantGroup section */

/* Begin XCBuildConfiguration section */
		5A345C4F2AC894A30079105C /* Debug */ = {
			isa = XCBuildConfiguration;
			buildSettings = {
				ALWAYS_SEARCH_USER_PATHS = NO;
				CLANG_ANALYZER_NONNULL = YES;
				CLANG_ANALYZER_NUMBER_OBJECT_CONVERSION = YES_AGGRESSIVE;
				CLANG_CXX_LANGUAGE_STANDARD = "gnu++20";
				CLANG_ENABLE_MODULES = YES;
				CLANG_ENABLE_OBJC_ARC = YES;
				CLANG_ENABLE_OBJC_WEAK = YES;
				CLANG_WARN_BLOCK_CAPTURE_AUTORELEASING = YES;
				CLANG_WARN_BOOL_CONVERSION = YES;
				CLANG_WARN_COMMA = YES;
				CLANG_WARN_CONSTANT_CONVERSION = YES;
				CLANG_WARN_DEPRECATED_OBJC_IMPLEMENTATIONS = YES;
				CLANG_WARN_DIRECT_OBJC_ISA_USAGE = YES_ERROR;
				CLANG_WARN_DOCUMENTATION_COMMENTS = YES;
				CLANG_WARN_EMPTY_BODY = YES;
				CLANG_WARN_ENUM_CONVERSION = YES;
				CLANG_WARN_INFINITE_RECURSION = YES;
				CLANG_WARN_INT_CONVERSION = YES;
				CLANG_WARN_NON_LITERAL_NULL_CONVERSION = YES;
				CLANG_WARN_OBJC_IMPLICIT_RETAIN_SELF = YES;
				CLANG_WARN_OBJC_LITERAL_CONVERSION = YES;
				CLANG_WARN_OBJC_ROOT_CLASS = YES_ERROR;
				CLANG_WARN_QUOTED_INCLUDE_IN_FRAMEWORK_HEADER = YES;
				CLANG_WARN_RANGE_LOOP_ANALYSIS = YES;
				CLANG_WARN_STRICT_PROTOTYPES = YES;
				CLANG_WARN_SUSPICIOUS_MOVE = YES;
				CLANG_WARN_UNGUARDED_AVAILABILITY = YES_AGGRESSIVE;
				CLANG_WARN_UNREACHABLE_CODE = YES;
				CLANG_WARN__DUPLICATE_METHOD_MATCH = YES;
				COPY_PHASE_STRIP = NO;
				DEBUG_INFORMATION_FORMAT = dwarf;
				ENABLE_STRICT_OBJC_MSGSEND = YES;
				ENABLE_TESTABILITY = YES;
				GCC_C_LANGUAGE_STANDARD = gnu11;
				GCC_DYNAMIC_NO_PIC = NO;
				GCC_NO_COMMON_BLOCKS = YES;
				GCC_OPTIMIZATION_LEVEL = 0;
				GCC_PREPROCESSOR_DEFINITIONS = (
					"DEBUG=1",
					"$(inherited)",
				);
				GCC_WARN_64_TO_32_BIT_CONVERSION = YES;
				GCC_WARN_ABOUT_RETURN_TYPE = YES_ERROR;
				GCC_WARN_UNDECLARED_SELECTOR = YES;
				GCC_WARN_UNINITIALIZED_AUTOS = YES_AGGRESSIVE;
				GCC_WARN_UNUSED_FUNCTION = YES;
				GCC_WARN_UNUSED_VARIABLE = YES;
				IPHONEOS_DEPLOYMENT_TARGET = 16.4;
				MTL_ENABLE_DEBUG_INFO = INCLUDE_SOURCE;
				MTL_FAST_MATH = YES;
				ONLY_ACTIVE_ARCH = YES;
				SDKROOT = iphoneos;
				SWIFT_ACTIVE_COMPILATION_CONDITIONS = DEBUG;
				SWIFT_OPTIMIZATION_LEVEL = "-Onone";
			};
			name = Debug;
		};
		5A345C502AC894A30079105C /* Release */ = {
			isa = XCBuildConfiguration;
			buildSettings = {
				ALWAYS_SEARCH_USER_PATHS = NO;
				CLANG_ANALYZER_NONNULL = YES;
				CLANG_ANALYZER_NUMBER_OBJECT_CONVERSION = YES_AGGRESSIVE;
				CLANG_CXX_LANGUAGE_STANDARD = "gnu++20";
				CLANG_ENABLE_MODULES = YES;
				CLANG_ENABLE_OBJC_ARC = YES;
				CLANG_ENABLE_OBJC_WEAK = YES;
				CLANG_WARN_BLOCK_CAPTURE_AUTORELEASING = YES;
				CLANG_WARN_BOOL_CONVERSION = YES;
				CLANG_WARN_COMMA = YES;
				CLANG_WARN_CONSTANT_CONVERSION = YES;
				CLANG_WARN_DEPRECATED_OBJC_IMPLEMENTATIONS = YES;
				CLANG_WARN_DIRECT_OBJC_ISA_USAGE = YES_ERROR;
				CLANG_WARN_DOCUMENTATION_COMMENTS = YES;
				CLANG_WARN_EMPTY_BODY = YES;
				CLANG_WARN_ENUM_CONVERSION = YES;
				CLANG_WARN_INFINITE_RECURSION = YES;
				CLANG_WARN_INT_CONVERSION = YES;
				CLANG_WARN_NON_LITERAL_NULL_CONVERSION = YES;
				CLANG_WARN_OBJC_IMPLICIT_RETAIN_SELF = YES;
				CLANG_WARN_OBJC_LITERAL_CONVERSION = YES;
				CLANG_WARN_OBJC_ROOT_CLASS = YES_ERROR;
				CLANG_WARN_QUOTED_INCLUDE_IN_FRAMEWORK_HEADER = YES;
				CLANG_WARN_RANGE_LOOP_ANALYSIS = YES;
				CLANG_WARN_STRICT_PROTOTYPES = YES;
				CLANG_WARN_SUSPICIOUS_MOVE = YES;
				CLANG_WARN_UNGUARDED_AVAILABILITY = YES_AGGRESSIVE;
				CLANG_WARN_UNREACHABLE_CODE = YES;
				CLANG_WARN__DUPLICATE_METHOD_MATCH = YES;
				COPY_PHASE_STRIP = NO;
				DEBUG_INFORMATION_FORMAT = "dwarf-with-dsym";
				ENABLE_NS_ASSERTIONS = NO;
				ENABLE_STRICT_OBJC_MSGSEND = YES;
				GCC_C_LANGUAGE_STANDARD = gnu11;
				GCC_NO_COMMON_BLOCKS = YES;
				GCC_WARN_64_TO_32_BIT_CONVERSION = YES;
				GCC_WARN_ABOUT_RETURN_TYPE = YES_ERROR;
				GCC_WARN_UNDECLARED_SELECTOR = YES;
				GCC_WARN_UNINITIALIZED_AUTOS = YES_AGGRESSIVE;
				GCC_WARN_UNUSED_FUNCTION = YES;
				GCC_WARN_UNUSED_VARIABLE = YES;
				IPHONEOS_DEPLOYMENT_TARGET = 16.4;
				MTL_ENABLE_DEBUG_INFO = NO;
				MTL_FAST_MATH = YES;
				SDKROOT = iphoneos;
				SWIFT_COMPILATION_MODE = wholemodule;
				SWIFT_OPTIMIZATION_LEVEL = "-O";
				VALIDATE_PRODUCT = YES;
			};
			name = Release;
		};
		5A345C522AC894A30079105C /* Debug */ = {
			isa = XCBuildConfiguration;
			buildSettings = {
				ASSETCATALOG_COMPILER_APPICON_NAME = AppIcon;
				ASSETCATALOG_COMPILER_GLOBAL_ACCENT_COLOR_NAME = AccentColor;
				CODE_SIGN_STYLE = Automatic;
				CURRENT_PROJECT_VERSION = 1;
				DEVELOPMENT_TEAM = 4P5Q83J9L6;
				GENERATE_INFOPLIST_FILE = YES;
				INFOPLIST_FILE = "Memo cards/Info.plist";
				INFOPLIST_KEY_UIApplicationSupportsIndirectInputEvents = YES;
				INFOPLIST_KEY_UILaunchStoryboardName = LaunchScreen;
				INFOPLIST_KEY_UIMainStoryboardFile = Main;
				INFOPLIST_KEY_UISupportedInterfaceOrientations_iPad = "UIInterfaceOrientationPortrait UIInterfaceOrientationPortraitUpsideDown UIInterfaceOrientationLandscapeLeft UIInterfaceOrientationLandscapeRight";
				INFOPLIST_KEY_UISupportedInterfaceOrientations_iPhone = "UIInterfaceOrientationPortrait UIInterfaceOrientationLandscapeLeft UIInterfaceOrientationLandscapeRight";
				LD_RUNPATH_SEARCH_PATHS = (
					"$(inherited)",
					"@executable_path/Frameworks",
				);
				MARKETING_VERSION = 1.0;
				PRODUCT_BUNDLE_IDENTIFIER = "Puma.Memo-cards";
				PRODUCT_NAME = "$(TARGET_NAME)";
				SWIFT_EMIT_LOC_STRINGS = YES;
				SWIFT_VERSION = 5.0;
				TARGETED_DEVICE_FAMILY = "1,2";
			};
			name = Debug;
		};
		5A345C532AC894A30079105C /* Release */ = {
			isa = XCBuildConfiguration;
			buildSettings = {
				ASSETCATALOG_COMPILER_APPICON_NAME = AppIcon;
				ASSETCATALOG_COMPILER_GLOBAL_ACCENT_COLOR_NAME = AccentColor;
				CODE_SIGN_STYLE = Automatic;
				CURRENT_PROJECT_VERSION = 1;
				DEVELOPMENT_TEAM = 4P5Q83J9L6;
				GENERATE_INFOPLIST_FILE = YES;
				INFOPLIST_FILE = "Memo cards/Info.plist";
				INFOPLIST_KEY_UIApplicationSupportsIndirectInputEvents = YES;
				INFOPLIST_KEY_UILaunchStoryboardName = LaunchScreen;
				INFOPLIST_KEY_UIMainStoryboardFile = Main;
				INFOPLIST_KEY_UISupportedInterfaceOrientations_iPad = "UIInterfaceOrientationPortrait UIInterfaceOrientationPortraitUpsideDown UIInterfaceOrientationLandscapeLeft UIInterfaceOrientationLandscapeRight";
				INFOPLIST_KEY_UISupportedInterfaceOrientations_iPhone = "UIInterfaceOrientationPortrait UIInterfaceOrientationLandscapeLeft UIInterfaceOrientationLandscapeRight";
				LD_RUNPATH_SEARCH_PATHS = (
					"$(inherited)",
					"@executable_path/Frameworks",
				);
				MARKETING_VERSION = 1.0;
				PRODUCT_BUNDLE_IDENTIFIER = "Puma.Memo-cards";
				PRODUCT_NAME = "$(TARGET_NAME)";
				SWIFT_EMIT_LOC_STRINGS = YES;
				SWIFT_VERSION = 5.0;
				TARGETED_DEVICE_FAMILY = "1,2";
			};
			name = Release;
		};
/* End XCBuildConfiguration section */

/* Begin XCConfigurationList section */
		5A345C382AC894A20079105C /* Build configuration list for PBXProject "Memo cards" */ = {
			isa = XCConfigurationList;
			buildConfigurations = (
				5A345C4F2AC894A30079105C /* Debug */,
				5A345C502AC894A30079105C /* Release */,
			);
			defaultConfigurationIsVisible = 0;
			defaultConfigurationName = Release;
		};
		5A345C512AC894A30079105C /* Build configuration list for PBXNativeTarget "Memo cards" */ = {
			isa = XCConfigurationList;
			buildConfigurations = (
				5A345C522AC894A30079105C /* Debug */,
				5A345C532AC894A30079105C /* Release */,
			);
			defaultConfigurationIsVisible = 0;
			defaultConfigurationName = Release;
		};
/* End XCConfigurationList section */

/* Begin XCRemoteSwiftPackageReference section */
		5A345C542AC89C500079105C /* XCRemoteSwiftPackageReference "Alamofire" */ = {
			isa = XCRemoteSwiftPackageReference;
			repositoryURL = "https://github.com/Alamofire/Alamofire.git";
			requirement = {
				kind = upToNextMinorVersion;
				minimumVersion = 5.8.0;
			};
		};
/* End XCRemoteSwiftPackageReference section */

/* Begin XCSwiftPackageProductDependency section */
		5A345C552AC89C500079105C /* Alamofire */ = {
			isa = XCSwiftPackageProductDependency;
			package = 5A345C542AC89C500079105C /* XCRemoteSwiftPackageReference "Alamofire" */;
			productName = Alamofire;
		};
/* End XCSwiftPackageProductDependency section */
	};
	rootObject = 5A345C352AC894A20079105C /* Project object */;
}
